
Microsoft Visual Studio Solution File, Format Version 12.00
# Visual Studio Version 16
VisualStudioVersion = 16.0.30611.23
MinimumVisualStudioVersion = 10.0.40219.1
Project("{FAE04EC0-301F-11D3-BF4B-00C04F79EFBC}") = "Study", "Study.csproj", "{5A19A939-B032-4580-A9FB-3FE67632C3ED}"
EndProject
Global
	GlobalSection(SolutionConfigurationPlatforms) = preSolution
		Debug|Any CPU = Debug|Any CPU
		Release|Any CPU = Release|Any CPU
	EndGlobalSection
	GlobalSection(ProjectConfigurationPlatforms) = postSolution
		{5A19A939-B032-4580-A9FB-3FE67632C3ED}.Debug|Any CPU.ActiveCfg = Debug|Any CPU
		{5A19A939-B032-4580-A9FB-3FE67632C3ED}.Debug|Any CPU.Build.0 = Debug|Any CPU
		{5A19A939-B032-4580-A9FB-3FE67632C3ED}.Release|Any CPU.ActiveCfg = Release|Any CPU
		{5A19A939-B032-4580-A9FB-3FE67632C3ED}.Release|Any CPU.Build.0 = Release|Any CPU
	EndGlobalSection
	GlobalSection(SolutionProperties) = preSolution
		HideSolutionNode = FALSE
	EndGlobalSection
	GlobalSection(ExtensibilityGlobals) = postSolution
		SolutionGuid = {7D35A2E9-DC86-481F-91EE-6C7B722835F0}
	EndGlobalSection
EndGlobal
